
Microsoft Visual Studio Solution File, Format Version 12.00
# Visual Studio 14
VisualStudioVersion = 14.0.25420.1
MinimumVisualStudioVersion = 10.0.40219.1
Project("{FAE04EC0-301F-11D3-BF4B-00C04F79EFBC}") = "SDC", "SDC\SDC.csproj", "{3BD5F254-9CE7-42A3-BA1E-E73FA4D85B7B}"
EndProject
Project("{FAE04EC0-301F-11D3-BF4B-00C04F79EFBC}") = "SDC.DAL", "SDC.DAL\SDC.DAL.csproj", "{8B99FFD1-F859-45B7-BE91-66634885E810}"
EndProject
Project("{FAE04EC0-301F-11D3-BF4B-00C04F79EFBC}") = "SDC.DATA", "SDC.DATA\SDC.DATA.csproj", "{20E44B58-BBE5-4794-A45A-C5977AC529D1}"
EndProject
Project("{FAE04EC0-301F-11D3-BF4B-00C04F79EFBC}") = "SDC.BLL", "SDC.BLL\SDC.BLL.csproj", "{EA4F7492-B01C-411C-81E0-B80F7C34F432}"
EndProject
Global
	GlobalSection(SolutionConfigurationPlatforms) = preSolution
		Debug|Any CPU = Debug|Any CPU
		Release|Any CPU = Release|Any CPU
	EndGlobalSection
	GlobalSection(ProjectConfigurationPlatforms) = postSolution
		{3BD5F254-9CE7-42A3-BA1E-E73FA4D85B7B}.Debug|Any CPU.ActiveCfg = Debug|Any CPU
		{3BD5F254-9CE7-42A3-BA1E-E73FA4D85B7B}.Debug|Any CPU.Build.0 = Debug|Any CPU
		{3BD5F254-9CE7-42A3-BA1E-E73FA4D85B7B}.Release|Any CPU.ActiveCfg = Release|Any CPU
		{3BD5F254-9CE7-42A3-BA1E-E73FA4D85B7B}.Release|Any CPU.Build.0 = Release|Any CPU
		{8B99FFD1-F859-45B7-BE91-66634885E810}.Debug|Any CPU.ActiveCfg = Debug|Any CPU
		{8B99FFD1-F859-45B7-BE91-66634885E810}.Debug|Any CPU.Build.0 = Debug|Any CPU
		{8B99FFD1-F859-45B7-BE91-66634885E810}.Release|Any CPU.ActiveCfg = Release|Any CPU
		{8B99FFD1-F859-45B7-BE91-66634885E810}.Release|Any CPU.Build.0 = Release|Any CPU
		{20E44B58-BBE5-4794-A45A-C5977AC529D1}.Debug|Any CPU.ActiveCfg = Debug|Any CPU
		{20E44B58-BBE5-4794-A45A-C5977AC529D1}.Debug|Any CPU.Build.0 = Debug|Any CPU
		{20E44B58-BBE5-4794-A45A-C5977AC529D1}.Release|Any CPU.ActiveCfg = Release|Any CPU
		{20E44B58-BBE5-4794-A45A-C5977AC529D1}.Release|Any CPU.Build.0 = Release|Any CPU
		{EA4F7492-B01C-411C-81E0-B80F7C34F432}.Debug|Any CPU.ActiveCfg = Debug|Any CPU
		{EA4F7492-B01C-411C-81E0-B80F7C34F432}.Debug|Any CPU.Build.0 = Debug|Any CPU
		{EA4F7492-B01C-411C-81E0-B80F7C34F432}.Release|Any CPU.ActiveCfg = Release|Any CPU
		{EA4F7492-B01C-411C-81E0-B80F7C34F432}.Release|Any CPU.Build.0 = Release|Any CPU
	EndGlobalSection
	GlobalSection(SolutionProperties) = preSolution
		HideSolutionNode = FALSE
	EndGlobalSection
EndGlobal
