
Microsoft Visual Studio Solution File, Format Version 12.00
# Visual Studio 15
VisualStudioVersion = 15.0.28010.0
MinimumVisualStudioVersion = 10.0.40219.1
Project("{FAE04EC0-301F-11D3-BF4B-00C04F79EFBC}") = "SDC.DATA", "SDC.DATA\SDC.DATA.csproj", "{D0FA38C3-2A58-49CF-BAFA-A908BF62727E}"
EndProject
Project("{FAE04EC0-301F-11D3-BF4B-00C04F79EFBC}") = "SDC.DAL", "SDC.DAL\SDC.DAL.csproj", "{30A4317B-FCEA-4A6C-B7FB-DCA73BE66851}"
EndProject
Project("{FAE04EC0-301F-11D3-BF4B-00C04F79EFBC}") = "SDC.BLL", "SDC.BLL\SDC.BLL.csproj", "{3041F813-2DE8-4C3C-834E-3F05181F9457}"
EndProject
Project("{FAE04EC0-301F-11D3-BF4B-00C04F79EFBC}") = "SDC", "SDC\SDC.csproj", "{2602287D-6ECA-4C61-8975-143DBB7DD74B}"
EndProject
Global
	GlobalSection(SolutionConfigurationPlatforms) = preSolution
		Debug|Any CPU = Debug|Any CPU
		Release|Any CPU = Release|Any CPU
	EndGlobalSection
	GlobalSection(ProjectConfigurationPlatforms) = postSolution
		{D0FA38C3-2A58-49CF-BAFA-A908BF62727E}.Debug|Any CPU.ActiveCfg = Debug|Any CPU
		{D0FA38C3-2A58-49CF-BAFA-A908BF62727E}.Debug|Any CPU.Build.0 = Debug|Any CPU
		{D0FA38C3-2A58-49CF-BAFA-A908BF62727E}.Release|Any CPU.ActiveCfg = Release|Any CPU
		{D0FA38C3-2A58-49CF-BAFA-A908BF62727E}.Release|Any CPU.Build.0 = Release|Any CPU
		{30A4317B-FCEA-4A6C-B7FB-DCA73BE66851}.Debug|Any CPU.ActiveCfg = Debug|Any CPU
		{30A4317B-FCEA-4A6C-B7FB-DCA73BE66851}.Debug|Any CPU.Build.0 = Debug|Any CPU
		{30A4317B-FCEA-4A6C-B7FB-DCA73BE66851}.Release|Any CPU.ActiveCfg = Release|Any CPU
		{30A4317B-FCEA-4A6C-B7FB-DCA73BE66851}.Release|Any CPU.Build.0 = Release|Any CPU
		{3041F813-2DE8-4C3C-834E-3F05181F9457}.Debug|Any CPU.ActiveCfg = Debug|Any CPU
		{3041F813-2DE8-4C3C-834E-3F05181F9457}.Debug|Any CPU.Build.0 = Debug|Any CPU
		{3041F813-2DE8-4C3C-834E-3F05181F9457}.Release|Any CPU.ActiveCfg = Release|Any CPU
		{3041F813-2DE8-4C3C-834E-3F05181F9457}.Release|Any CPU.Build.0 = Release|Any CPU
		{2602287D-6ECA-4C61-8975-143DBB7DD74B}.Debug|Any CPU.ActiveCfg = Debug|Any CPU
		{2602287D-6ECA-4C61-8975-143DBB7DD74B}.Debug|Any CPU.Build.0 = Debug|Any CPU
		{2602287D-6ECA-4C61-8975-143DBB7DD74B}.Release|Any CPU.ActiveCfg = Release|Any CPU
		{2602287D-6ECA-4C61-8975-143DBB7DD74B}.Release|Any CPU.Build.0 = Release|Any CPU
	EndGlobalSection
	GlobalSection(SolutionProperties) = preSolution
		HideSolutionNode = FALSE
	EndGlobalSection
	GlobalSection(ExtensibilityGlobals) = postSolution
		SolutionGuid = {B30B76CB-37D3-4525-A4A1-9929FEC4B41E}
	EndGlobalSection
EndGlobal
